
Microsoft Visual Studio Solution File, Format Version 12.00
# Visual Studio Version 16
VisualStudioVersion = 25.0.1703.0
MinimumVisualStudioVersion = 10.0.40219.1
Project("{FAE04EC0-301F-11D3-BF4B-00C04F79EFBC}") = "GuideCSharp", "GuideCSharp\GuideCSharp.csproj", "{BCF2B9FC-B1D3-4441-AA68-F4CBF8CE5CCA}"
EndProject
Global
	GlobalSection(SolutionConfigurationPlatforms) = preSolution
		Debug|Any CPU = Debug|Any CPU
		Release|Any CPU = Release|Any CPU
	EndGlobalSection
	GlobalSection(ProjectConfigurationPlatforms) = postSolution
		{BCF2B9FC-B1D3-4441-AA68-F4CBF8CE5CCA}.Debug|Any CPU.ActiveCfg = Debug|Any CPU
		{BCF2B9FC-B1D3-4441-AA68-F4CBF8CE5CCA}.Debug|Any CPU.Build.0 = Debug|Any CPU
		{BCF2B9FC-B1D3-4441-AA68-F4CBF8CE5CCA}.Release|Any CPU.ActiveCfg = Release|Any CPU
		{BCF2B9FC-B1D3-4441-AA68-F4CBF8CE5CCA}.Release|Any CPU.Build.0 = Release|Any CPU
	EndGlobalSection
	GlobalSection(SolutionProperties) = preSolution
		HideSolutionNode = FALSE
	EndGlobalSection
	GlobalSection(ExtensibilityGlobals) = postSolution
		SolutionGuid = {879761AC-D478-4932-A4AC-4D0ACAD802C7}
	EndGlobalSection
EndGlobal
